
Microsoft Visual Studio Solution File, Format Version 12.00
# Visual Studio Version 17
VisualStudioVersion = 17.5.002.0
MinimumVisualStudioVersion = 10.0.40219.1
Project("{9A19103F-16F7-4668-BE54-9A1E7A4F7556}") = "APICatalogo", "APICatalogo.csproj", "{EFCAD4B1-61BC-481B-9727-E5920BD1AB29}"
EndProject
Global
	GlobalSection(SolutionConfigurationPlatforms) = preSolution
		Debug|Any CPU = Debug|Any CPU
		Release|Any CPU = Release|Any CPU
	EndGlobalSection
	GlobalSection(ProjectConfigurationPlatforms) = postSolution
		{EFCAD4B1-61BC-481B-9727-E5920BD1AB29}.Debug|Any CPU.ActiveCfg = Debug|Any CPU
		{EFCAD4B1-61BC-481B-9727-E5920BD1AB29}.Debug|Any CPU.Build.0 = Debug|Any CPU
		{EFCAD4B1-61BC-481B-9727-E5920BD1AB29}.Release|Any CPU.ActiveCfg = Release|Any CPU
		{EFCAD4B1-61BC-481B-9727-E5920BD1AB29}.Release|Any CPU.Build.0 = Release|Any CPU
	EndGlobalSection
	GlobalSection(SolutionProperties) = preSolution
		HideSolutionNode = FALSE
	EndGlobalSection
	GlobalSection(ExtensibilityGlobals) = postSolution
		SolutionGuid = {1A5B548E-A33F-4598-9C9A-F15E271F7E92}
	EndGlobalSection
EndGlobal
